// !$*UTF8*$!
{
	archiveVersion = 1;
	classes = {
	};
	objectVersion = 56;
	objects = {

/* Begin PBXBuildFile section */
		6A04F0331169C8DE2ABB12FB /* Pods_rocket_shop_astro.framework in Frameworks */ = {isa = PBXBuildFile; fileRef = F9F991692B066725A0EC2829 /* Pods_rocket_shop_astro.framework */; };
		B5264B5B2B498693005F99EE /* DetailModule.swift in Sources */ = {isa = PBXBuildFile; fileRef = B5264B562B498693005F99EE /* DetailModule.swift */; };
		B5264B5C2B498693005F99EE /* DetailRouter.swift in Sources */ = {isa = PBXBuildFile; fileRef = B5264B572B498693005F99EE /* DetailRouter.swift */; };
		B5264B5D2B498693005F99EE /* DetailPresenter.swift in Sources */ = {isa = PBXBuildFile; fileRef = B5264B582B498693005F99EE /* DetailPresenter.swift */; };
		B5264B5E2B498693005F99EE /* DetailViewController.swift in Sources */ = {isa = PBXBuildFile; fileRef = B5264B592B498693005F99EE /* DetailViewController.swift */; };
		B5264B5F2B498693005F99EE /* DetailInteractor.swift in Sources */ = {isa = PBXBuildFile; fileRef = B5264B5A2B498693005F99EE /* DetailInteractor.swift */; };
		B5264B612B49C0AA005F99EE /* Extension+UIViewController.swift in Sources */ = {isa = PBXBuildFile; fileRef = B5264B602B49C0AA005F99EE /* Extension+UIViewController.swift */; };
		B5EFC5DF2B470E1900C3E53A /* AppDelegate.swift in Sources */ = {isa = PBXBuildFile; fileRef = B5EFC5DE2B470E1900C3E53A /* AppDelegate.swift */; };
		B5EFC5E12B470E1900C3E53A /* SceneDelegate.swift in Sources */ = {isa = PBXBuildFile; fileRef = B5EFC5E02B470E1900C3E53A /* SceneDelegate.swift */; };
		B5EFC5E32B470E1900C3E53A /* ViewController.swift in Sources */ = {isa = PBXBuildFile; fileRef = B5EFC5E22B470E1900C3E53A /* ViewController.swift */; };
		B5EFC5E62B470E1900C3E53A /* Main.storyboard in Resources */ = {isa = PBXBuildFile; fileRef = B5EFC5E42B470E1900C3E53A /* Main.storyboard */; };
		B5EFC5E82B470E1A00C3E53A /* Assets.xcassets in Resources */ = {isa = PBXBuildFile; fileRef = B5EFC5E72B470E1A00C3E53A /* Assets.xcassets */; };
		B5EFC5EB2B470E1A00C3E53A /* LaunchScreen.storyboard in Resources */ = {isa = PBXBuildFile; fileRef = B5EFC5E92B470E1A00C3E53A /* LaunchScreen.storyboard */; };
		B5EFC5FA2B47153300C3E53A /* HomePresenter.swift in Sources */ = {isa = PBXBuildFile; fileRef = B5EFC5F52B47153200C3E53A /* HomePresenter.swift */; };
		B5EFC5FB2B47153300C3E53A /* HomeInteractor.swift in Sources */ = {isa = PBXBuildFile; fileRef = B5EFC5F62B47153200C3E53A /* HomeInteractor.swift */; };
		B5EFC5FC2B47153300C3E53A /* HomeRouter.swift in Sources */ = {isa = PBXBuildFile; fileRef = B5EFC5F72B47153200C3E53A /* HomeRouter.swift */; };
		B5EFC5FD2B47153300C3E53A /* HomeViewController.swift in Sources */ = {isa = PBXBuildFile; fileRef = B5EFC5F82B47153300C3E53A /* HomeViewController.swift */; };
		B5EFC5FE2B47153300C3E53A /* HomeModule.swift in Sources */ = {isa = PBXBuildFile; fileRef = B5EFC5F92B47153300C3E53A /* HomeModule.swift */; };
		B5EFC6022B47155C00C3E53A /* HomeCollectionViewCell.swift in Sources */ = {isa = PBXBuildFile; fileRef = B5EFC6012B47155C00C3E53A /* HomeCollectionViewCell.swift */; };
		B5EFC6062B47161100C3E53A /* ProductModel.swift in Sources */ = {isa = PBXBuildFile; fileRef = B5EFC6052B47161100C3E53A /* ProductModel.swift */; };
		B5EFC60C2B4716A100C3E53A /* Extension+String.swift in Sources */ = {isa = PBXBuildFile; fileRef = B5EFC6092B4716A100C3E53A /* Extension+String.swift */; };
		B5EFC60D2B4716A100C3E53A /* Extension+UIColor.swift in Sources */ = {isa = PBXBuildFile; fileRef = B5EFC60A2B4716A100C3E53A /* Extension+UIColor.swift */; };
		B5EFC60E2B4716A100C3E53A /* Extension+UIView.swift in Sources */ = {isa = PBXBuildFile; fileRef = B5EFC60B2B4716A100C3E53A /* Extension+UIView.swift */; };
		B5EFC6102B4716B700C3E53A /* AppHelper.swift in Sources */ = {isa = PBXBuildFile; fileRef = B5EFC60F2B4716B700C3E53A /* AppHelper.swift */; };
		B5EFC6122B4716BB00C3E53A /* Constants.swift in Sources */ = {isa = PBXBuildFile; fileRef = B5EFC6112B4716BB00C3E53A /* Constants.swift */; };
		B5EFC6152B4716D600C3E53A /* Service.swift in Sources */ = {isa = PBXBuildFile; fileRef = B5EFC6142B4716D600C3E53A /* Service.swift */; };
/* End PBXBuildFile section */

/* Begin PBXFileReference section */
		953CD5AEFD770C13E8B9083B /* Pods-rocket-shop-astro.debug.xcconfig */ = {isa = PBXFileReference; includeInIndex = 1; lastKnownFileType = text.xcconfig; name = "Pods-rocket-shop-astro.debug.xcconfig"; path = "Target Support Files/Pods-rocket-shop-astro/Pods-rocket-shop-astro.debug.xcconfig"; sourceTree = "<group>"; };
		A89BFEDB28D511B5F111CA1E /* Pods-rocket-shop-astro.release.xcconfig */ = {isa = PBXFileReference; includeInIndex = 1; lastKnownFileType = text.xcconfig; name = "Pods-rocket-shop-astro.release.xcconfig"; path = "Target Support Files/Pods-rocket-shop-astro/Pods-rocket-shop-astro.release.xcconfig"; sourceTree = "<group>"; };
		B5264B562B498693005F99EE /* DetailModule.swift */ = {isa = PBXFileReference; fileEncoding = 4; lastKnownFileType = sourcecode.swift; path = DetailModule.swift; sourceTree = "<group>"; };
		B5264B572B498693005F99EE /* DetailRouter.swift */ = {isa = PBXFileReference; fileEncoding = 4; lastKnownFileType = sourcecode.swift; path = DetailRouter.swift; sourceTree = "<group>"; };
		B5264B582B498693005F99EE /* DetailPresenter.swift */ = {isa = PBXFileReference; fileEncoding = 4; lastKnownFileType = sourcecode.swift; path = DetailPresenter.swift; sourceTree = "<group>"; };
		B5264B592B498693005F99EE /* DetailViewController.swift */ = {isa = PBXFileReference; fileEncoding = 4; lastKnownFileType = sourcecode.swift; path = DetailViewController.swift; sourceTree = "<group>"; };
		B5264B5A2B498693005F99EE /* DetailInteractor.swift */ = {isa = PBXFileReference; fileEncoding = 4; lastKnownFileType = sourcecode.swift; path = DetailInteractor.swift; sourceTree = "<group>"; };
		B5264B602B49C0AA005F99EE /* Extension+UIViewController.swift */ = {isa = PBXFileReference; lastKnownFileType = sourcecode.swift; path = "Extension+UIViewController.swift"; sourceTree = "<group>"; };
		B5EFC5DB2B470E1900C3E53A /* rocket-shop-astro.app */ = {isa = PBXFileReference; explicitFileType = wrapper.application; includeInIndex = 0; path = "rocket-shop-astro.app"; sourceTree = BUILT_PRODUCTS_DIR; };
		B5EFC5DE2B470E1900C3E53A /* AppDelegate.swift */ = {isa = PBXFileReference; lastKnownFileType = sourcecode.swift; path = AppDelegate.swift; sourceTree = "<group>"; };
		B5EFC5E02B470E1900C3E53A /* SceneDelegate.swift */ = {isa = PBXFileReference; lastKnownFileType = sourcecode.swift; path = SceneDelegate.swift; sourceTree = "<group>"; };
		B5EFC5E22B470E1900C3E53A /* ViewController.swift */ = {isa = PBXFileReference; lastKnownFileType = sourcecode.swift; path = ViewController.swift; sourceTree = "<group>"; };
		B5EFC5E52B470E1900C3E53A /* Base */ = {isa = PBXFileReference; lastKnownFileType = file.storyboard; name = Base; path = Base.lproj/Main.storyboard; sourceTree = "<group>"; };
		B5EFC5E72B470E1A00C3E53A /* Assets.xcassets */ = {isa = PBXFileReference; lastKnownFileType = folder.assetcatalog; path = Assets.xcassets; sourceTree = "<group>"; };
		B5EFC5EA2B470E1A00C3E53A /* Base */ = {isa = PBXFileReference; lastKnownFileType = file.storyboard; name = Base; path = Base.lproj/LaunchScreen.storyboard; sourceTree = "<group>"; };
		B5EFC5EC2B470E1A00C3E53A /* Info.plist */ = {isa = PBXFileReference; lastKnownFileType = text.plist.xml; path = Info.plist; sourceTree = "<group>"; };
		B5EFC5F52B47153200C3E53A /* HomePresenter.swift */ = {isa = PBXFileReference; fileEncoding = 4; lastKnownFileType = sourcecode.swift; path = HomePresenter.swift; sourceTree = "<group>"; };
		B5EFC5F62B47153200C3E53A /* HomeInteractor.swift */ = {isa = PBXFileReference; fileEncoding = 4; lastKnownFileType = sourcecode.swift; path = HomeInteractor.swift; sourceTree = "<group>"; };
		B5EFC5F72B47153200C3E53A /* HomeRouter.swift */ = {isa = PBXFileReference; fileEncoding = 4; lastKnownFileType = sourcecode.swift; path = HomeRouter.swift; sourceTree = "<group>"; };
		B5EFC5F82B47153300C3E53A /* HomeViewController.swift */ = {isa = PBXFileReference; fileEncoding = 4; lastKnownFileType = sourcecode.swift; path = HomeViewController.swift; sourceTree = "<group>"; };
		B5EFC5F92B47153300C3E53A /* HomeModule.swift */ = {isa = PBXFileReference; fileEncoding = 4; lastKnownFileType = sourcecode.swift; path = HomeModule.swift; sourceTree = "<group>"; };
		B5EFC6012B47155C00C3E53A /* HomeCollectionViewCell.swift */ = {isa = PBXFileReference; fileEncoding = 4; lastKnownFileType = sourcecode.swift; path = HomeCollectionViewCell.swift; sourceTree = "<group>"; };
		B5EFC6052B47161100C3E53A /* ProductModel.swift */ = {isa = PBXFileReference; lastKnownFileType = sourcecode.swift; path = ProductModel.swift; sourceTree = "<group>"; };
		B5EFC6092B4716A100C3E53A /* Extension+String.swift */ = {isa = PBXFileReference; fileEncoding = 4; lastKnownFileType = sourcecode.swift; path = "Extension+String.swift"; sourceTree = "<group>"; };
		B5EFC60A2B4716A100C3E53A /* Extension+UIColor.swift */ = {isa = PBXFileReference; fileEncoding = 4; lastKnownFileType = sourcecode.swift; path = "Extension+UIColor.swift"; sourceTree = "<group>"; };
		B5EFC60B2B4716A100C3E53A /* Extension+UIView.swift */ = {isa = PBXFileReference; fileEncoding = 4; lastKnownFileType = sourcecode.swift; path = "Extension+UIView.swift"; sourceTree = "<group>"; };
		B5EFC60F2B4716B700C3E53A /* AppHelper.swift */ = {isa = PBXFileReference; fileEncoding = 4; lastKnownFileType = sourcecode.swift; path = AppHelper.swift; sourceTree = "<group>"; };
		B5EFC6112B4716BB00C3E53A /* Constants.swift */ = {isa = PBXFileReference; fileEncoding = 4; lastKnownFileType = sourcecode.swift; path = Constants.swift; sourceTree = "<group>"; };
		B5EFC6142B4716D600C3E53A /* Service.swift */ = {isa = PBXFileReference; fileEncoding = 4; lastKnownFileType = sourcecode.swift; path = Service.swift; sourceTree = "<group>"; };
		F9F991692B066725A0EC2829 /* Pods_rocket_shop_astro.framework */ = {isa = PBXFileReference; explicitFileType = wrapper.framework; includeInIndex = 0; path = Pods_rocket_shop_astro.framework; sourceTree = BUILT_PRODUCTS_DIR; };
/* End PBXFileReference section */

/* Begin PBXFrameworksBuildPhase section */
		B5EFC5D82B470E1900C3E53A /* Frameworks */ = {
			isa = PBXFrameworksBuildPhase;
			buildActionMask = 2147483647;
			files = (
				6A04F0331169C8DE2ABB12FB /* Pods_rocket_shop_astro.framework in Frameworks */,
			);
			runOnlyForDeploymentPostprocessing = 0;
		};
/* End PBXFrameworksBuildPhase section */

/* Begin PBXGroup section */
		265CC6D368B7FEAEF447A25E /* Frameworks */ = {
			isa = PBXGroup;
			children = (
				F9F991692B066725A0EC2829 /* Pods_rocket_shop_astro.framework */,
			);
			name = Frameworks;
			sourceTree = "<group>";
		};
		A13969EC6FB783C6BEEC569D /* Pods */ = {
			isa = PBXGroup;
			children = (
				953CD5AEFD770C13E8B9083B /* Pods-rocket-shop-astro.debug.xcconfig */,
				A89BFEDB28D511B5F111CA1E /* Pods-rocket-shop-astro.release.xcconfig */,
			);
			path = Pods;
			sourceTree = "<group>";
		};
		B5264B472B498548005F99EE /* Detail */ = {
			isa = PBXGroup;
			children = (
				B5264B5A2B498693005F99EE /* DetailInteractor.swift */,
				B5264B562B498693005F99EE /* DetailModule.swift */,
				B5264B582B498693005F99EE /* DetailPresenter.swift */,
				B5264B572B498693005F99EE /* DetailRouter.swift */,
				B5264B592B498693005F99EE /* DetailViewController.swift */,
			);
			path = Detail;
			sourceTree = "<group>";
		};
		B5EFC5D22B470E1900C3E53A = {
			isa = PBXGroup;
			children = (
				B5EFC5DD2B470E1900C3E53A /* rocket-shop-astro */,
				B5EFC5DC2B470E1900C3E53A /* Products */,
				A13969EC6FB783C6BEEC569D /* Pods */,
				265CC6D368B7FEAEF447A25E /* Frameworks */,
			);
			sourceTree = "<group>";
		};
		B5EFC5DC2B470E1900C3E53A /* Products */ = {
			isa = PBXGroup;
			children = (
				B5EFC5DB2B470E1900C3E53A /* rocket-shop-astro.app */,
			);
			name = Products;
			sourceTree = "<group>";
		};
		B5EFC5DD2B470E1900C3E53A /* rocket-shop-astro */ = {
			isa = PBXGroup;
			children = (
				B5EFC6132B4716CD00C3E53A /* Network */,
				B5EFC6032B47159C00C3E53A /* Model */,
				B5EFC6072B47168F00C3E53A /* Common */,
				B5EFC6042B4715AB00C3E53A /* Presentation */,
				B5EFC5DE2B470E1900C3E53A /* AppDelegate.swift */,
				B5EFC5E02B470E1900C3E53A /* SceneDelegate.swift */,
				B5EFC5E22B470E1900C3E53A /* ViewController.swift */,
				B5EFC5E42B470E1900C3E53A /* Main.storyboard */,
				B5EFC5E72B470E1A00C3E53A /* Assets.xcassets */,
				B5EFC5E92B470E1A00C3E53A /* LaunchScreen.storyboard */,
				B5EFC5EC2B470E1A00C3E53A /* Info.plist */,
			);
			path = "rocket-shop-astro";
			sourceTree = "<group>";
		};
		B5EFC5F42B47151F00C3E53A /* Home */ = {
			isa = PBXGroup;
			children = (
				B5EFC6012B47155C00C3E53A /* HomeCollectionViewCell.swift */,
				B5EFC5F62B47153200C3E53A /* HomeInteractor.swift */,
				B5EFC5F92B47153300C3E53A /* HomeModule.swift */,
				B5EFC5F52B47153200C3E53A /* HomePresenter.swift */,
				B5EFC5F72B47153200C3E53A /* HomeRouter.swift */,
				B5EFC5F82B47153300C3E53A /* HomeViewController.swift */,
			);
			path = Home;
			sourceTree = "<group>";
		};
		B5EFC6032B47159C00C3E53A /* Model */ = {
			isa = PBXGroup;
			children = (
				B5EFC6052B47161100C3E53A /* ProductModel.swift */,
			);
			path = Model;
			sourceTree = "<group>";
		};
		B5EFC6042B4715AB00C3E53A /* Presentation */ = {
			isa = PBXGroup;
			children = (
				B5264B472B498548005F99EE /* Detail */,
				B5EFC5F42B47151F00C3E53A /* Home */,
			);
			path = Presentation;
			sourceTree = "<group>";
		};
		B5EFC6072B47168F00C3E53A /* Common */ = {
			isa = PBXGroup;
			children = (
				B5EFC6082B47169800C3E53A /* Extension */,
				B5EFC6182B47174E00C3E53A /* Helper */,
				B5EFC6112B4716BB00C3E53A /* Constants.swift */,
			);
			path = Common;
			sourceTree = "<group>";
		};
		B5EFC6082B47169800C3E53A /* Extension */ = {
			isa = PBXGroup;
			children = (
				B5EFC6092B4716A100C3E53A /* Extension+String.swift */,
				B5EFC60A2B4716A100C3E53A /* Extension+UIColor.swift */,
				B5EFC60B2B4716A100C3E53A /* Extension+UIView.swift */,
				B5264B602B49C0AA005F99EE /* Extension+UIViewController.swift */,
			);
			path = Extension;
			sourceTree = "<group>";
		};
		B5EFC6132B4716CD00C3E53A /* Network */ = {
			isa = PBXGroup;
			children = (
				B5EFC6142B4716D600C3E53A /* Service.swift */,
			);
			path = Network;
			sourceTree = "<group>";
		};
		B5EFC6182B47174E00C3E53A /* Helper */ = {
			isa = PBXGroup;
			children = (
				B5EFC60F2B4716B700C3E53A /* AppHelper.swift */,
			);
			path = Helper;
			sourceTree = "<group>";
		};
/* End PBXGroup section */

/* Begin PBXNativeTarget section */
		B5EFC5DA2B470E1900C3E53A /* rocket-shop-astro */ = {
			isa = PBXNativeTarget;
			buildConfigurationList = B5EFC5EF2B470E1A00C3E53A /* Build configuration list for PBXNativeTarget "rocket-shop-astro" */;
			buildPhases = (
				8F6A341D090CB92935035315 /* [CP] Check Pods Manifest.lock */,
				B5EFC5D72B470E1900C3E53A /* Sources */,
				B5EFC5D82B470E1900C3E53A /* Frameworks */,
				B5EFC5D92B470E1900C3E53A /* Resources */,
				9D53FC0F0F6EC9B90F48805C /* [CP] Embed Pods Frameworks */,
			);
			buildRules = (
			);
			dependencies = (
			);
			name = "rocket-shop-astro";
			productName = "rocket-shop-astro";
			productReference = B5EFC5DB2B470E1900C3E53A /* rocket-shop-astro.app */;
			productType = "com.apple.product-type.application";
		};
/* End PBXNativeTarget section */

/* Begin PBXProject section */
		B5EFC5D32B470E1900C3E53A /* Project object */ = {
			isa = PBXProject;
			attributes = {
				BuildIndependentTargetsInParallel = 1;
				LastSwiftUpdateCheck = 1510;
				LastUpgradeCheck = 1510;
				TargetAttributes = {
					B5EFC5DA2B470E1900C3E53A = {
						CreatedOnToolsVersion = 15.1;
					};
				};
			};
			buildConfigurationList = B5EFC5D62B470E1900C3E53A /* Build configuration list for PBXProject "rocket-shop-astro" */;
			compatibilityVersion = "Xcode 14.0";
			developmentRegion = en;
			hasScannedForEncodings = 0;
			knownRegions = (
				en,
				Base,
			);
			mainGroup = B5EFC5D22B470E1900C3E53A;
			productRefGroup = B5EFC5DC2B470E1900C3E53A /* Products */;
			projectDirPath = "";
			projectRoot = "";
			targets = (
				B5EFC5DA2B470E1900C3E53A /* rocket-shop-astro */,
			);
		};
/* End PBXProject section */

/* Begin PBXResourcesBuildPhase section */
		B5EFC5D92B470E1900C3E53A /* Resources */ = {
			isa = PBXResourcesBuildPhase;
			buildActionMask = 2147483647;
			files = (
				B5EFC5EB2B470E1A00C3E53A /* LaunchScreen.storyboard in Resources */,
				B5EFC5E82B470E1A00C3E53A /* Assets.xcassets in Resources */,
				B5EFC5E62B470E1900C3E53A /* Main.storyboard in Resources */,
			);
			runOnlyForDeploymentPostprocessing = 0;
		};
/* End PBXResourcesBuildPhase section */

/* Begin PBXShellScriptBuildPhase section */
		8F6A341D090CB92935035315 /* [CP] Check Pods Manifest.lock */ = {
			isa = PBXShellScriptBuildPhase;
			buildActionMask = 2147483647;
			files = (
			);
			inputFileListPaths = (
			);
			inputPaths = (
				"${PODS_PODFILE_DIR_PATH}/Podfile.lock",
				"${PODS_ROOT}/Manifest.lock",
			);
			name = "[CP] Check Pods Manifest.lock";
			outputFileListPaths = (
			);
			outputPaths = (
				"$(DERIVED_FILE_DIR)/Pods-rocket-shop-astro-checkManifestLockResult.txt",
			);
			runOnlyForDeploymentPostprocessing = 0;
			shellPath = /bin/sh;
			shellScript = "diff \"${PODS_PODFILE_DIR_PATH}/Podfile.lock\" \"${PODS_ROOT}/Manifest.lock\" > /dev/null\nif [ $? != 0 ] ; then\n    # print error to STDERR\n    echo \"error: The sandbox is not in sync with the Podfile.lock. Run 'pod install' or update your CocoaPods installation.\" >&2\n    exit 1\nfi\n# This output is used by Xcode 'outputs' to avoid re-running this script phase.\necho \"SUCCESS\" > \"${SCRIPT_OUTPUT_FILE_0}\"\n";
			showEnvVarsInLog = 0;
		};
		9D53FC0F0F6EC9B90F48805C /* [CP] Embed Pods Frameworks */ = {
			isa = PBXShellScriptBuildPhase;
			buildActionMask = 2147483647;
			files = (
			);
			inputFileListPaths = (
				"${PODS_ROOT}/Target Support Files/Pods-rocket-shop-astro/Pods-rocket-shop-astro-frameworks-${CONFIGURATION}-input-files.xcfilelist",
			);
			name = "[CP] Embed Pods Frameworks";
			outputFileListPaths = (
				"${PODS_ROOT}/Target Support Files/Pods-rocket-shop-astro/Pods-rocket-shop-astro-frameworks-${CONFIGURATION}-output-files.xcfilelist",
			);
			runOnlyForDeploymentPostprocessing = 0;
			shellPath = /bin/sh;
			shellScript = "\"${PODS_ROOT}/Target Support Files/Pods-rocket-shop-astro/Pods-rocket-shop-astro-frameworks.sh\"\n";
			showEnvVarsInLog = 0;
		};
/* End PBXShellScriptBuildPhase section */

/* Begin PBXSourcesBuildPhase section */
		B5EFC5D72B470E1900C3E53A /* Sources */ = {
			isa = PBXSourcesBuildPhase;
			buildActionMask = 2147483647;
			files = (
				B5EFC5E32B470E1900C3E53A /* ViewController.swift in Sources */,
				B5EFC5FC2B47153300C3E53A /* HomeRouter.swift in Sources */,
				B5EFC5FE2B47153300C3E53A /* HomeModule.swift in Sources */,
				B5EFC5DF2B470E1900C3E53A /* AppDelegate.swift in Sources */,
				B5264B5B2B498693005F99EE /* DetailModule.swift in Sources */,
				B5EFC5E12B470E1900C3E53A /* SceneDelegate.swift in Sources */,
				B5EFC6122B4716BB00C3E53A /* Constants.swift in Sources */,
				B5264B5E2B498693005F99EE /* DetailViewController.swift in Sources */,
				B5264B612B49C0AA005F99EE /* Extension+UIViewController.swift in Sources */,
				B5EFC6022B47155C00C3E53A /* HomeCollectionViewCell.swift in Sources */,
				B5EFC5FB2B47153300C3E53A /* HomeInteractor.swift in Sources */,
				B5EFC60C2B4716A100C3E53A /* Extension+String.swift in Sources */,
				B5264B5D2B498693005F99EE /* DetailPresenter.swift in Sources */,
				B5EFC6152B4716D600C3E53A /* Service.swift in Sources */,
				B5EFC5FD2B47153300C3E53A /* HomeViewController.swift in Sources */,
				B5EFC5FA2B47153300C3E53A /* HomePresenter.swift in Sources */,
				B5EFC6062B47161100C3E53A /* ProductModel.swift in Sources */,
				B5EFC6102B4716B700C3E53A /* AppHelper.swift in Sources */,
				B5264B5C2B498693005F99EE /* DetailRouter.swift in Sources */,
				B5264B5F2B498693005F99EE /* DetailInteractor.swift in Sources */,
				B5EFC60D2B4716A100C3E53A /* Extension+UIColor.swift in Sources */,
				B5EFC60E2B4716A100C3E53A /* Extension+UIView.swift in Sources */,
			);
			runOnlyForDeploymentPostprocessing = 0;
		};
/* End PBXSourcesBuildPhase section */

/* Begin PBXVariantGroup section */
		B5EFC5E42B470E1900C3E53A /* Main.storyboard */ = {
			isa = PBXVariantGroup;
			children = (
				B5EFC5E52B470E1900C3E53A /* Base */,
			);
			name = Main.storyboard;
			sourceTree = "<group>";
		};
		B5EFC5E92B470E1A00C3E53A /* LaunchScreen.storyboard */ = {
			isa = PBXVariantGroup;
			children = (
				B5EFC5EA2B470E1A00C3E53A /* Base */,
			);
			name = LaunchScreen.storyboard;
			sourceTree = "<group>";
		};
/* End PBXVariantGroup section */

/* Begin XCBuildConfiguration section */
		B5EFC5ED2B470E1A00C3E53A /* Debug */ = {
			isa = XCBuildConfiguration;
			buildSettings = {
				ALWAYS_SEARCH_USER_PATHS = NO;
				ASSETCATALOG_COMPILER_GENERATE_SWIFT_ASSET_SYMBOL_EXTENSIONS = YES;
				CLANG_ANALYZER_NONNULL = YES;
				CLANG_ANALYZER_NUMBER_OBJECT_CONVERSION = YES_AGGRESSIVE;
				CLANG_CXX_LANGUAGE_STANDARD = "gnu++20";
				CLANG_ENABLE_MODULES = YES;
				CLANG_ENABLE_OBJC_ARC = YES;
				CLANG_ENABLE_OBJC_WEAK = YES;
				CLANG_WARN_BLOCK_CAPTURE_AUTORELEASING = YES;
				CLANG_WARN_BOOL_CONVERSION = YES;
				CLANG_WARN_COMMA = YES;
				CLANG_WARN_CONSTANT_CONVERSION = YES;
				CLANG_WARN_DEPRECATED_OBJC_IMPLEMENTATIONS = YES;
				CLANG_WARN_DIRECT_OBJC_ISA_USAGE = YES_ERROR;
				CLANG_WARN_DOCUMENTATION_COMMENTS = YES;
				CLANG_WARN_EMPTY_BODY = YES;
				CLANG_WARN_ENUM_CONVERSION = YES;
				CLANG_WARN_INFINITE_RECURSION = YES;
				CLANG_WARN_INT_CONVERSION = YES;
				CLANG_WARN_NON_LITERAL_NULL_CONVERSION = YES;
				CLANG_WARN_OBJC_IMPLICIT_RETAIN_SELF = YES;
				CLANG_WARN_OBJC_LITERAL_CONVERSION = YES;
				CLANG_WARN_OBJC_ROOT_CLASS = YES_ERROR;
				CLANG_WARN_QUOTED_INCLUDE_IN_FRAMEWORK_HEADER = YES;
				CLANG_WARN_RANGE_LOOP_ANALYSIS = YES;
				CLANG_WARN_STRICT_PROTOTYPES = YES;
				CLANG_WARN_SUSPICIOUS_MOVE = YES;
				CLANG_WARN_UNGUARDED_AVAILABILITY = YES_AGGRESSIVE;
				CLANG_WARN_UNREACHABLE_CODE = YES;
				CLANG_WARN__DUPLICATE_METHOD_MATCH = YES;
				COPY_PHASE_STRIP = NO;
				DEBUG_INFORMATION_FORMAT = dwarf;
				ENABLE_STRICT_OBJC_MSGSEND = YES;
				ENABLE_TESTABILITY = YES;
				ENABLE_USER_SCRIPT_SANDBOXING = NO;
				GCC_C_LANGUAGE_STANDARD = gnu17;
				GCC_DYNAMIC_NO_PIC = NO;
				GCC_NO_COMMON_BLOCKS = YES;
				GCC_OPTIMIZATION_LEVEL = 0;
				GCC_PREPROCESSOR_DEFINITIONS = (
					"DEBUG=1",
					"$(inherited)",
				);
				GCC_WARN_64_TO_32_BIT_CONVERSION = YES;
				GCC_WARN_ABOUT_RETURN_TYPE = YES_ERROR;
				GCC_WARN_UNDECLARED_SELECTOR = YES;
				GCC_WARN_UNINITIALIZED_AUTOS = YES_AGGRESSIVE;
				GCC_WARN_UNUSED_FUNCTION = YES;
				GCC_WARN_UNUSED_VARIABLE = YES;
				IPHONEOS_DEPLOYMENT_TARGET = 17.2;
				LOCALIZATION_PREFERS_STRING_CATALOGS = YES;
				MTL_ENABLE_DEBUG_INFO = INCLUDE_SOURCE;
				MTL_FAST_MATH = YES;
				ONLY_ACTIVE_ARCH = YES;
				SDKROOT = iphoneos;
				SWIFT_ACTIVE_COMPILATION_CONDITIONS = "DEBUG $(inherited)";
				SWIFT_OPTIMIZATION_LEVEL = "-Onone";
			};
			name = Debug;
		};
		B5EFC5EE2B470E1A00C3E53A /* Release */ = {
			isa = XCBuildConfiguration;
			buildSettings = {
				ALWAYS_SEARCH_USER_PATHS = NO;
				ASSETCATALOG_COMPILER_GENERATE_SWIFT_ASSET_SYMBOL_EXTENSIONS = YES;
				CLANG_ANALYZER_NONNULL = YES;
				CLANG_ANALYZER_NUMBER_OBJECT_CONVERSION = YES_AGGRESSIVE;
				CLANG_CXX_LANGUAGE_STANDARD = "gnu++20";
				CLANG_ENABLE_MODULES = YES;
				CLANG_ENABLE_OBJC_ARC = YES;
				CLANG_ENABLE_OBJC_WEAK = YES;
				CLANG_WARN_BLOCK_CAPTURE_AUTORELEASING = YES;
				CLANG_WARN_BOOL_CONVERSION = YES;
				CLANG_WARN_COMMA = YES;
				CLANG_WARN_CONSTANT_CONVERSION = YES;
				CLANG_WARN_DEPRECATED_OBJC_IMPLEMENTATIONS = YES;
				CLANG_WARN_DIRECT_OBJC_ISA_USAGE = YES_ERROR;
				CLANG_WARN_DOCUMENTATION_COMMENTS = YES;
				CLANG_WARN_EMPTY_BODY = YES;
				CLANG_WARN_ENUM_CONVERSION = YES;
				CLANG_WARN_INFINITE_RECURSION = YES;
				CLANG_WARN_INT_CONVERSION = YES;
				CLANG_WARN_NON_LITERAL_NULL_CONVERSION = YES;
				CLANG_WARN_OBJC_IMPLICIT_RETAIN_SELF = YES;
				CLANG_WARN_OBJC_LITERAL_CONVERSION = YES;
				CLANG_WARN_OBJC_ROOT_CLASS = YES_ERROR;
				CLANG_WARN_QUOTED_INCLUDE_IN_FRAMEWORK_HEADER = YES;
				CLANG_WARN_RANGE_LOOP_ANALYSIS = YES;
				CLANG_WARN_STRICT_PROTOTYPES = YES;
				CLANG_WARN_SUSPICIOUS_MOVE = YES;
				CLANG_WARN_UNGUARDED_AVAILABILITY = YES_AGGRESSIVE;
				CLANG_WARN_UNREACHABLE_CODE = YES;
				CLANG_WARN__DUPLICATE_METHOD_MATCH = YES;
				COPY_PHASE_STRIP = NO;
				DEBUG_INFORMATION_FORMAT = "dwarf-with-dsym";
				ENABLE_NS_ASSERTIONS = NO;
				ENABLE_STRICT_OBJC_MSGSEND = YES;
				ENABLE_USER_SCRIPT_SANDBOXING = NO;
				GCC_C_LANGUAGE_STANDARD = gnu17;
				GCC_NO_COMMON_BLOCKS = YES;
				GCC_WARN_64_TO_32_BIT_CONVERSION = YES;
				GCC_WARN_ABOUT_RETURN_TYPE = YES_ERROR;
				GCC_WARN_UNDECLARED_SELECTOR = YES;
				GCC_WARN_UNINITIALIZED_AUTOS = YES_AGGRESSIVE;
				GCC_WARN_UNUSED_FUNCTION = YES;
				GCC_WARN_UNUSED_VARIABLE = YES;
				IPHONEOS_DEPLOYMENT_TARGET = 17.2;
				LOCALIZATION_PREFERS_STRING_CATALOGS = YES;
				MTL_ENABLE_DEBUG_INFO = NO;
				MTL_FAST_MATH = YES;
				SDKROOT = iphoneos;
				SWIFT_COMPILATION_MODE = wholemodule;
				VALIDATE_PRODUCT = YES;
			};
			name = Release;
		};
		B5EFC5F02B470E1A00C3E53A /* Debug */ = {
			isa = XCBuildConfiguration;
			baseConfigurationReference = 953CD5AEFD770C13E8B9083B /* Pods-rocket-shop-astro.debug.xcconfig */;
			buildSettings = {
				ASSETCATALOG_COMPILER_APPICON_NAME = AppIcon;
				ASSETCATALOG_COMPILER_GLOBAL_ACCENT_COLOR_NAME = AccentColor;
				CODE_SIGN_STYLE = Automatic;
				CURRENT_PROJECT_VERSION = 1;
				DEVELOPMENT_TEAM = 5DUFZTPDQV;
				GENERATE_INFOPLIST_FILE = YES;
				INFOPLIST_FILE = "rocket-shop-astro/Info.plist";
				INFOPLIST_KEY_UIApplicationSupportsIndirectInputEvents = YES;
				INFOPLIST_KEY_UILaunchStoryboardName = LaunchScreen;
				INFOPLIST_KEY_UIMainStoryboardFile = Main;
				INFOPLIST_KEY_UISupportedInterfaceOrientations_iPad = "UIInterfaceOrientationPortrait UIInterfaceOrientationPortraitUpsideDown UIInterfaceOrientationLandscapeLeft UIInterfaceOrientationLandscapeRight";
				INFOPLIST_KEY_UISupportedInterfaceOrientations_iPhone = "UIInterfaceOrientationPortrait UIInterfaceOrientationLandscapeLeft UIInterfaceOrientationLandscapeRight";
				LD_RUNPATH_SEARCH_PATHS = (
					"$(inherited)",
					"@executable_path/Frameworks",
				);
				MARKETING_VERSION = 1.0;
				PRODUCT_BUNDLE_IDENTIFIER = "com.astro.ios.rocketshop.hnslmp.rocket-shop-astro";
				PRODUCT_NAME = "$(TARGET_NAME)";
				SWIFT_EMIT_LOC_STRINGS = YES;
				SWIFT_VERSION = 5.0;
				TARGETED_DEVICE_FAMILY = "1,2";
			};
			name = Debug;
		};
		B5EFC5F12B470E1A00C3E53A /* Release */ = {
			isa = XCBuildConfiguration;
			baseConfigurationReference = A89BFEDB28D511B5F111CA1E /* Pods-rocket-shop-astro.release.xcconfig */;
			buildSettings = {
				ASSETCATALOG_COMPILER_APPICON_NAME = AppIcon;
				ASSETCATALOG_COMPILER_GLOBAL_ACCENT_COLOR_NAME = AccentColor;
				CODE_SIGN_STYLE = Automatic;
				CURRENT_PROJECT_VERSION = 1;
				DEVELOPMENT_TEAM = 5DUFZTPDQV;
				GENERATE_INFOPLIST_FILE = YES;
				INFOPLIST_FILE = "rocket-shop-astro/Info.plist";
				INFOPLIST_KEY_UIApplicationSupportsIndirectInputEvents = YES;
				INFOPLIST_KEY_UILaunchStoryboardName = LaunchScreen;
				INFOPLIST_KEY_UIMainStoryboardFile = Main;
				INFOPLIST_KEY_UISupportedInterfaceOrientations_iPad = "UIInterfaceOrientationPortrait UIInterfaceOrientationPortraitUpsideDown UIInterfaceOrientationLandscapeLeft UIInterfaceOrientationLandscapeRight";
				INFOPLIST_KEY_UISupportedInterfaceOrientations_iPhone = "UIInterfaceOrientationPortrait UIInterfaceOrientationLandscapeLeft UIInterfaceOrientationLandscapeRight";
				LD_RUNPATH_SEARCH_PATHS = (
					"$(inherited)",
					"@executable_path/Frameworks",
				);
				MARKETING_VERSION = 1.0;
				PRODUCT_BUNDLE_IDENTIFIER = "com.astro.ios.rocketshop.hnslmp.rocket-shop-astro";
				PRODUCT_NAME = "$(TARGET_NAME)";
				SWIFT_EMIT_LOC_STRINGS = YES;
				SWIFT_VERSION = 5.0;
				TARGETED_DEVICE_FAMILY = "1,2";
			};
			name = Release;
		};
/* End XCBuildConfiguration section */

/* Begin XCConfigurationList section */
		B5EFC5D62B470E1900C3E53A /* Build configuration list for PBXProject "rocket-shop-astro" */ = {
			isa = XCConfigurationList;
			buildConfigurations = (
				B5EFC5ED2B470E1A00C3E53A /* Debug */,
				B5EFC5EE2B470E1A00C3E53A /* Release */,
			);
			defaultConfigurationIsVisible = 0;
			defaultConfigurationName = Release;
		};
		B5EFC5EF2B470E1A00C3E53A /* Build configuration list for PBXNativeTarget "rocket-shop-astro" */ = {
			isa = XCConfigurationList;
			buildConfigurations = (
				B5EFC5F02B470E1A00C3E53A /* Debug */,
				B5EFC5F12B470E1A00C3E53A /* Release */,
			);
			defaultConfigurationIsVisible = 0;
			defaultConfigurationName = Release;
		};
/* End XCConfigurationList section */
	};
	rootObject = B5EFC5D32B470E1900C3E53A /* Project object */;
}
